
Microsoft Visual Studio Solution File, Format Version 12.00
# Visual Studio Version 17
VisualStudioVersion = 17.13.35806.99 d17.13
MinimumVisualStudioVersion = 10.0.40219.1
Project("{FAE04EC0-301F-11D3-BF4B-00C04F79EFBC}") = "GestionFacture", "GestionFacture.csproj", "{511A84A6-36DA-4F49-86F9-39334821B24A}"
EndProject
Global
	GlobalSection(SolutionConfigurationPlatforms) = preSolution
		Debug|Any CPU = Debug|Any CPU
		Release|Any CPU = Release|Any CPU
	EndGlobalSection
	GlobalSection(ProjectConfigurationPlatforms) = postSolution
		{511A84A6-36DA-4F49-86F9-39334821B24A}.Debug|Any CPU.ActiveCfg = Debug|Any CPU
		{511A84A6-36DA-4F49-86F9-39334821B24A}.Debug|Any CPU.Build.0 = Debug|Any CPU
		{511A84A6-36DA-4F49-86F9-39334821B24A}.Release|Any CPU.ActiveCfg = Release|Any CPU
		{511A84A6-36DA-4F49-86F9-39334821B24A}.Release|Any CPU.Build.0 = Release|Any CPU
	EndGlobalSection
	GlobalSection(SolutionProperties) = preSolution
		HideSolutionNode = FALSE
	EndGlobalSection
	GlobalSection(ExtensibilityGlobals) = postSolution
		SolutionGuid = {A5FEB88D-7BF3-44BD-A8BF-4279B84ED2B9}
	EndGlobalSection
EndGlobal
